Microsoft Visual Studio Solution File, Format Version 8.00
Project("{8BC9CEB8-8B4A-11D0-8D11-00A0C91BC942}") = "httpd", "httpd\httpd.vcproj", "{833DDF60-4700-4E10-9353-808D12DCC7DB}"
	ProjectSection(ProjectDependencies) = postProject
	EndProjectSection
EndProject
Global
	GlobalSection(SolutionConfiguration) = preSolution
		Debug = Debug
		Release = Release
	EndGlobalSection
	GlobalSection(ProjectConfiguration) = postSolution
		{833DDF60-4700-4E10-9353-808D12DCC7DB}.Debug.ActiveCfg = Debug|Win32
		{833DDF60-4700-4E10-9353-808D12DCC7DB}.Debug.Build.0 = Debug|Win32
		{833DDF60-4700-4E10-9353-808D12DCC7DB}.Release.ActiveCfg = Release|Win32
		{833DDF60-4700-4E10-9353-808D12DCC7DB}.Release.Build.0 = Release|Win32
	EndGlobalSection
	GlobalSection(ExtensibilityGlobals) = postSolution
	EndGlobalSection
	GlobalSection(ExtensibilityAddIns) = postSolution
	EndGlobalSection
EndGlobal
